# THIS IS AN AUTOGENERATED FILE. DO NOT EDIT THIS FILE DIRECTLY.
# yarn lockfile v1


bs-platform@^4.0.5:
  version "4.0.7"
  resolved "https://registry.yarnpkg.com/bs-platform/-/bs-platform-4.0.7.tgz#1a0bbf0fef439fef5f1a88ba60d5ac8a6d73570c"
  integrity sha512-39ZXSugB03PznE7eSVwxq5z4S8Cn44r22T2eFd7rgFQ94HaB/mCNHXG0epF3mJLYhhhyPT9w3e/t+FAIjSdAkg==
